schema: '2.0'
stages:
  load_data:
    cmd: python src/load_data.py --config=params.yaml
    deps:
    - path: data_given/winequality.csv
      md5: ccc8d3507eb151f53f760d36abdef888
      size: 91998
    - path: src/get_data.py
      md5: 906329749f32274250f61d745d896ce6
      size: 682
    - path: src/load_data.py
      md5: c711bba760020f1de45f363f0baf7f47
      size: 667
    outs:
    - path: data/raw/winequality.csv
      md5: d98e8f2eca228c11c4de1cc96866a54d
      size: 91998
      isexec: true
  split_data:
    cmd: python src/split_data.py --config=params.yaml
    deps:
    - path: data/raw/winequality.csv
      md5: d98e8f2eca228c11c4de1cc96866a54d
      size: 91998
    - path: src/split_data.py
      md5: 4c0d15a035d65e2e14fc5b02080e3c10
      size: 1094
    outs:
    - path: data/processed/test_winequality.csv
      md5: 01718da3bd6e206060ed00667ca1a389
      size: 18510
      isexec: true
    - path: data/processed/train_winequality.csv
      md5: 4bccf4d668cdc60115de42ba74d416ab
      size: 73633
      isexec: true
  train_and_ecaluate:
    cmd: python src/train_and_evaluate.py --config=params.yaml
    deps:
    - path: data/processed/test_winequality.csv
      md5: 01718da3bd6e206060ed00667ca1a389
      size: 18510
    - path: data/processed/train_winequality.csv
      md5: 4bccf4d668cdc60115de42ba74d416ab
      size: 73633
    - path: src/train_and_evaluate.py
      md5: 692fa7410f5fe7caa8794741f11f4911
      size: 2676
    params:
      params.yaml:
        estimator.ElasticNet.params.alpha: 0.9
        estimator.ElasticNet.params.l1_ratio: 0.4
    outs:
    - path: report/params.json
      md5: a4aab0167612f21a6085dd05cfafdbf6
      size: 41
      isexec: true
    - path: report/scores.json
      md5: a90198180af2cfcf8824b816a5ad2984
      size: 97
      isexec: true
    - path: saved_models/model.joblib
      md5: 096c5854964566e795566d42f3377db3
      size: 1263
      isexec: true
